// !$*UTF8*$!
{
	archiveVersion = 1;
	classes = {
	};
	objectVersion = 56;
	objects = {

/* Begin PBXBuildFile section */
		8D709F532A037ACD00085531 /* ScreenFactory.swift in Sources */ = {isa = PBXBuildFile; fileRef = 8D709F522A037ACD00085531 /* ScreenFactory.swift */; };
		8D709F592A05F80F00085531 /* AuthManager.swift in Sources */ = {isa = PBXBuildFile; fileRef = 8D709F582A05F80F00085531 /* AuthManager.swift */; };
		8D9A011A2A15E6A400D229FF /* AppCoordinatorView.swift in Sources */ = {isa = PBXBuildFile; fileRef = 8D9A01192A15E6A400D229FF /* AppCoordinatorView.swift */; };
		8D9A011C2A15E6C100D229FF /* AppCoordinatorObject.swift in Sources */ = {isa = PBXBuildFile; fileRef = 8D9A011B2A15E6C100D229FF /* AppCoordinatorObject.swift */; };
		8DB1B3E329F9ED59002CC2C5 /* OnboardingManager.swift in Sources */ = {isa = PBXBuildFile; fileRef = 8DB1B3E229F9ED59002CC2C5 /* OnboardingManager.swift */; };
		8DB1B3E729FA44CC002CC2C5 /* OnboardingView.swift in Sources */ = {isa = PBXBuildFile; fileRef = 8DB1B3E629FA44CC002CC2C5 /* OnboardingView.swift */; };
		8DB1B3E929FA44EB002CC2C5 /* LoginView.swift in Sources */ = {isa = PBXBuildFile; fileRef = 8DB1B3E829FA44EB002CC2C5 /* LoginView.swift */; };
		8DB1B3EB29FA4529002CC2C5 /* MainView.swift in Sources */ = {isa = PBXBuildFile; fileRef = 8DB1B3EA29FA4529002CC2C5 /* MainView.swift */; };
		8DB1B3ED29FA4533002CC2C5 /* MapView.swift in Sources */ = {isa = PBXBuildFile; fileRef = 8DB1B3EC29FA4533002CC2C5 /* MapView.swift */; };
		8DB1B3EF29FA453E002CC2C5 /* ProfileView.swift in Sources */ = {isa = PBXBuildFile; fileRef = 8DB1B3EE29FA453E002CC2C5 /* ProfileView.swift */; };
		8DB1B3F129FA4553002CC2C5 /* OnboardingViewModel.swift in Sources */ = {isa = PBXBuildFile; fileRef = 8DB1B3F029FA4553002CC2C5 /* OnboardingViewModel.swift */; };
		8DB1B3F329FA456C002CC2C5 /* LoginViewModel.swift in Sources */ = {isa = PBXBuildFile; fileRef = 8DB1B3F229FA456C002CC2C5 /* LoginViewModel.swift */; };
		8DB1B3F529FA457B002CC2C5 /* MainViewModel.swift in Sources */ = {isa = PBXBuildFile; fileRef = 8DB1B3F429FA457B002CC2C5 /* MainViewModel.swift */; };
		8DB1B3F729FA4585002CC2C5 /* MapViewModel.swift in Sources */ = {isa = PBXBuildFile; fileRef = 8DB1B3F629FA4585002CC2C5 /* MapViewModel.swift */; };
		8DB1B3F929FA459D002CC2C5 /* ProfileViewModel.swift in Sources */ = {isa = PBXBuildFile; fileRef = 8DB1B3F829FA459D002CC2C5 /* ProfileViewModel.swift */; };
		8DB1B3FE29FA7E45002CC2C5 /* OnboardingCoordinator.swift in Sources */ = {isa = PBXBuildFile; fileRef = 8DB1B3FD29FA7E45002CC2C5 /* OnboardingCoordinator.swift */; };
		8DB1B40029FA7E5A002CC2C5 /* AuthCoordinator.swift in Sources */ = {isa = PBXBuildFile; fileRef = 8DB1B3FF29FA7E5A002CC2C5 /* AuthCoordinator.swift */; };
		8DB1B40229FA7E82002CC2C5 /* MainCoordinator.swift in Sources */ = {isa = PBXBuildFile; fileRef = 8DB1B40129FA7E82002CC2C5 /* MainCoordinator.swift */; };
		8DB1B40429FA7EA1002CC2C5 /* MapCoordinator.swift in Sources */ = {isa = PBXBuildFile; fileRef = 8DB1B40329FA7EA1002CC2C5 /* MapCoordinator.swift */; };
		8DB1B40629FA7EB4002CC2C5 /* ProfileCoordinator.swift in Sources */ = {isa = PBXBuildFile; fileRef = 8DB1B40529FA7EB4002CC2C5 /* ProfileCoordinator.swift */; };
		8DB1B40A29FA8936002CC2C5 /* TabBarCoordinator.swift in Sources */ = {isa = PBXBuildFile; fileRef = 8DB1B40929FA8936002CC2C5 /* TabBarCoordinator.swift */; };
		8DBAEA8929F85E780052442B /* MeetAppApp.swift in Sources */ = {isa = PBXBuildFile; fileRef = 8DBAEA8829F85E780052442B /* MeetAppApp.swift */; };
		8DBAEA8D29F85E7A0052442B /* Assets.xcassets in Resources */ = {isa = PBXBuildFile; fileRef = 8DBAEA8C29F85E7A0052442B /* Assets.xcassets */; };
		8DBAEA9029F85E7A0052442B /* Preview Assets.xcassets in Resources */ = {isa = PBXBuildFile; fileRef = 8DBAEA8F29F85E7A0052442B /* Preview Assets.xcassets */; };
		8DBC7F3E2A2AB5AD005C4440 /* OnboardinCoordinatorView.swift in Sources */ = {isa = PBXBuildFile; fileRef = 8DBC7F3D2A2AB5AD005C4440 /* OnboardinCoordinatorView.swift */; };
		8DBC7F402A2AB5CE005C4440 /* AuthCoordinatorView .swift in Sources */ = {isa = PBXBuildFile; fileRef = 8DBC7F3F2A2AB5CE005C4440 /* AuthCoordinatorView .swift */; };
		8DBC7F422A2AB621005C4440 /* TabBarCoordinatorView.swift in Sources */ = {isa = PBXBuildFile; fileRef = 8DBC7F412A2AB621005C4440 /* TabBarCoordinatorView.swift */; };
		8DBC7F442A2AC542005C4440 /* RegisterView.swift in Sources */ = {isa = PBXBuildFile; fileRef = 8DBC7F432A2AC542005C4440 /* RegisterView.swift */; };
		8DBC7F472A2ACA36005C4440 /* RegisterViewModel.swift in Sources */ = {isa = PBXBuildFile; fileRef = 8DBC7F462A2ACA36005C4440 /* RegisterViewModel.swift */; };
		8DBC7F4A2A2CA857005C4440 /* CoordinatorFactory.swift in Sources */ = {isa = PBXBuildFile; fileRef = 8DBC7F492A2CA857005C4440 /* CoordinatorFactory.swift */; };
		8DBC7F4E2A2CEA20005C4440 /* ManagerFactory.swift in Sources */ = {isa = PBXBuildFile; fileRef = 8DBC7F4D2A2CEA20005C4440 /* ManagerFactory.swift */; };
		8DBC7F502A30A594005C4440 /* TabItem.swift in Sources */ = {isa = PBXBuildFile; fileRef = 8DBC7F4F2A30A594005C4440 /* TabItem.swift */; };
		8DBC7F522A30CEA9005C4440 /* Coordinator.swift in Sources */ = {isa = PBXBuildFile; fileRef = 8DBC7F512A30CEA9005C4440 /* Coordinator.swift */; };
		8DBC7F562A314080005C4440 /* MainCoordinatorView.swift in Sources */ = {isa = PBXBuildFile; fileRef = 8DBC7F552A314080005C4440 /* MainCoordinatorView.swift */; };
		8DBC7F582A3140A1005C4440 /* MapCoordinatorView.swift in Sources */ = {isa = PBXBuildFile; fileRef = 8DBC7F572A3140A1005C4440 /* MapCoordinatorView.swift */; };
		8DBC7F5A2A3140C2005C4440 /* ProfileCoordinatorView.swift in Sources */ = {isa = PBXBuildFile; fileRef = 8DBC7F592A3140C2005C4440 /* ProfileCoordinatorView.swift */; };
/* End PBXBuildFile section */

/* Begin PBXFileReference section */
		8D709F522A037ACD00085531 /* ScreenFactory.swift */ = {isa = PBXFileReference; lastKnownFileType = sourcecode.swift; path = ScreenFactory.swift; sourceTree = "<group>"; };
		8D709F582A05F80F00085531 /* AuthManager.swift */ = {isa = PBXFileReference; lastKnownFileType = sourcecode.swift; path = AuthManager.swift; sourceTree = "<group>"; };
		8D9A01192A15E6A400D229FF /* AppCoordinatorView.swift */ = {isa = PBXFileReference; lastKnownFileType = sourcecode.swift; path = AppCoordinatorView.swift; sourceTree = "<group>"; };
		8D9A011B2A15E6C100D229FF /* AppCoordinatorObject.swift */ = {isa = PBXFileReference; lastKnownFileType = sourcecode.swift; path = AppCoordinatorObject.swift; sourceTree = "<group>"; };
		8DB1B3E229F9ED59002CC2C5 /* OnboardingManager.swift */ = {isa = PBXFileReference; lastKnownFileType = sourcecode.swift; path = OnboardingManager.swift; sourceTree = "<group>"; };
		8DB1B3E629FA44CC002CC2C5 /* OnboardingView.swift */ = {isa = PBXFileReference; lastKnownFileType = sourcecode.swift; path = OnboardingView.swift; sourceTree = "<group>"; };
		8DB1B3E829FA44EB002CC2C5 /* LoginView.swift */ = {isa = PBXFileReference; lastKnownFileType = sourcecode.swift; path = LoginView.swift; sourceTree = "<group>"; };
		8DB1B3EA29FA4529002CC2C5 /* MainView.swift */ = {isa = PBXFileReference; lastKnownFileType = sourcecode.swift; path = MainView.swift; sourceTree = "<group>"; };
		8DB1B3EC29FA4533002CC2C5 /* MapView.swift */ = {isa = PBXFileReference; lastKnownFileType = sourcecode.swift; path = MapView.swift; sourceTree = "<group>"; };
		8DB1B3EE29FA453E002CC2C5 /* ProfileView.swift */ = {isa = PBXFileReference; lastKnownFileType = sourcecode.swift; path = ProfileView.swift; sourceTree = "<group>"; };
		8DB1B3F029FA4553002CC2C5 /* OnboardingViewModel.swift */ = {isa = PBXFileReference; lastKnownFileType = sourcecode.swift; path = OnboardingViewModel.swift; sourceTree = "<group>"; };
		8DB1B3F229FA456C002CC2C5 /* LoginViewModel.swift */ = {isa = PBXFileReference; lastKnownFileType = sourcecode.swift; path = LoginViewModel.swift; sourceTree = "<group>"; };
		8DB1B3F429FA457B002CC2C5 /* MainViewModel.swift */ = {isa = PBXFileReference; lastKnownFileType = sourcecode.swift; path = MainViewModel.swift; sourceTree = "<group>"; };
		8DB1B3F629FA4585002CC2C5 /* MapViewModel.swift */ = {isa = PBXFileReference; lastKnownFileType = sourcecode.swift; path = MapViewModel.swift; sourceTree = "<group>"; };
		8DB1B3F829FA459D002CC2C5 /* ProfileViewModel.swift */ = {isa = PBXFileReference; lastKnownFileType = sourcecode.swift; path = ProfileViewModel.swift; sourceTree = "<group>"; };
		8DB1B3FD29FA7E45002CC2C5 /* OnboardingCoordinator.swift */ = {isa = PBXFileReference; lastKnownFileType = sourcecode.swift; path = OnboardingCoordinator.swift; sourceTree = "<group>"; };
		8DB1B3FF29FA7E5A002CC2C5 /* AuthCoordinator.swift */ = {isa = PBXFileReference; lastKnownFileType = sourcecode.swift; path = AuthCoordinator.swift; sourceTree = "<group>"; };
		8DB1B40129FA7E82002CC2C5 /* MainCoordinator.swift */ = {isa = PBXFileReference; lastKnownFileType = sourcecode.swift; path = MainCoordinator.swift; sourceTree = "<group>"; };
		8DB1B40329FA7EA1002CC2C5 /* MapCoordinator.swift */ = {isa = PBXFileReference; lastKnownFileType = sourcecode.swift; path = MapCoordinator.swift; sourceTree = "<group>"; };
		8DB1B40529FA7EB4002CC2C5 /* ProfileCoordinator.swift */ = {isa = PBXFileReference; lastKnownFileType = sourcecode.swift; path = ProfileCoordinator.swift; sourceTree = "<group>"; };
		8DB1B40929FA8936002CC2C5 /* TabBarCoordinator.swift */ = {isa = PBXFileReference; lastKnownFileType = sourcecode.swift; path = TabBarCoordinator.swift; sourceTree = "<group>"; };
		8DBAEA8529F85E780052442B /* MeetApp.app */ = {isa = PBXFileReference; explicitFileType = wrapper.application; includeInIndex = 0; path = MeetApp.app; sourceTree = BUILT_PRODUCTS_DIR; };
		8DBAEA8829F85E780052442B /* MeetAppApp.swift */ = {isa = PBXFileReference; lastKnownFileType = sourcecode.swift; path = MeetAppApp.swift; sourceTree = "<group>"; };
		8DBAEA8C29F85E7A0052442B /* Assets.xcassets */ = {isa = PBXFileReference; lastKnownFileType = folder.assetcatalog; path = Assets.xcassets; sourceTree = "<group>"; };
		8DBAEA8F29F85E7A0052442B /* Preview Assets.xcassets */ = {isa = PBXFileReference; lastKnownFileType = folder.assetcatalog; path = "Preview Assets.xcassets"; sourceTree = "<group>"; };
		8DBC7F3D2A2AB5AD005C4440 /* OnboardinCoordinatorView.swift */ = {isa = PBXFileReference; lastKnownFileType = sourcecode.swift; path = OnboardinCoordinatorView.swift; sourceTree = "<group>"; };
		8DBC7F3F2A2AB5CE005C4440 /* AuthCoordinatorView .swift */ = {isa = PBXFileReference; lastKnownFileType = sourcecode.swift; path = "AuthCoordinatorView .swift"; sourceTree = "<group>"; };
		8DBC7F412A2AB621005C4440 /* TabBarCoordinatorView.swift */ = {isa = PBXFileReference; lastKnownFileType = sourcecode.swift; path = TabBarCoordinatorView.swift; sourceTree = "<group>"; };
		8DBC7F432A2AC542005C4440 /* RegisterView.swift */ = {isa = PBXFileReference; lastKnownFileType = sourcecode.swift; path = RegisterView.swift; sourceTree = "<group>"; };
		8DBC7F462A2ACA36005C4440 /* RegisterViewModel.swift */ = {isa = PBXFileReference; lastKnownFileType = sourcecode.swift; path = RegisterViewModel.swift; sourceTree = "<group>"; };
		8DBC7F492A2CA857005C4440 /* CoordinatorFactory.swift */ = {isa = PBXFileReference; lastKnownFileType = sourcecode.swift; path = CoordinatorFactory.swift; sourceTree = "<group>"; };
		8DBC7F4D2A2CEA20005C4440 /* ManagerFactory.swift */ = {isa = PBXFileReference; lastKnownFileType = sourcecode.swift; path = ManagerFactory.swift; sourceTree = "<group>"; };
		8DBC7F4F2A30A594005C4440 /* TabItem.swift */ = {isa = PBXFileReference; lastKnownFileType = sourcecode.swift; path = TabItem.swift; sourceTree = "<group>"; };
		8DBC7F512A30CEA9005C4440 /* Coordinator.swift */ = {isa = PBXFileReference; lastKnownFileType = sourcecode.swift; path = Coordinator.swift; sourceTree = "<group>"; };
		8DBC7F552A314080005C4440 /* MainCoordinatorView.swift */ = {isa = PBXFileReference; lastKnownFileType = sourcecode.swift; path = MainCoordinatorView.swift; sourceTree = "<group>"; };
		8DBC7F572A3140A1005C4440 /* MapCoordinatorView.swift */ = {isa = PBXFileReference; lastKnownFileType = sourcecode.swift; path = MapCoordinatorView.swift; sourceTree = "<group>"; };
		8DBC7F592A3140C2005C4440 /* ProfileCoordinatorView.swift */ = {isa = PBXFileReference; lastKnownFileType = sourcecode.swift; path = ProfileCoordinatorView.swift; sourceTree = "<group>"; };
/* End PBXFileReference section */

/* Begin PBXFrameworksBuildPhase section */
		8DBAEA8229F85E780052442B /* Frameworks */ = {
			isa = PBXFrameworksBuildPhase;
			buildActionMask = 2147483647;
			files = (
			);
			runOnlyForDeploymentPostprocessing = 0;
		};
/* End PBXFrameworksBuildPhase section */

/* Begin PBXGroup section */
		8D709F3A2A02E88300085531 /* PresentationLayer */ = {
			isa = PBXGroup;
			children = (
				8DB1B3EA29FA4529002CC2C5 /* MainView.swift */,
				8DB1B3F429FA457B002CC2C5 /* MainViewModel.swift */,
			);
			path = PresentationLayer;
			sourceTree = "<group>";
		};
		8D709F3B2A02E9F300085531 /* PresentationLayer */ = {
			isa = PBXGroup;
			children = (
				8DBC7F452A2AC972005C4440 /* Login */,
				8DBC7F482A2ACA3F005C4440 /* Register */,
			);
			path = PresentationLayer;
			sourceTree = "<group>";
		};
		8D709F3C2A02EA1000085531 /* PresentationLayer */ = {
			isa = PBXGroup;
			children = (
				8DB1B3EC29FA4533002CC2C5 /* MapView.swift */,
				8DB1B3F629FA4585002CC2C5 /* MapViewModel.swift */,
			);
			path = PresentationLayer;
			sourceTree = "<group>";
		};
		8D709F3D2A02EA2500085531 /* PresentationLayer */ = {
			isa = PBXGroup;
			children = (
				8DB1B3EE29FA453E002CC2C5 /* ProfileView.swift */,
				8DB1B3F829FA459D002CC2C5 /* ProfileViewModel.swift */,
			);
			path = PresentationLayer;
			sourceTree = "<group>";
		};
		8D709F442A02EC1200085531 /* DomainLayer */ = {
			isa = PBXGroup;
			children = (
				8DBC7F3F2A2AB5CE005C4440 /* AuthCoordinatorView .swift */,
				8DB1B3FF29FA7E5A002CC2C5 /* AuthCoordinator.swift */,
			);
			path = DomainLayer;
			sourceTree = "<group>";
		};
		8D709F452A02ECC600085531 /* DataLayer */ = {
			isa = PBXGroup;
			children = (
				8D709F582A05F80F00085531 /* AuthManager.swift */,
			);
			path = DataLayer;
			sourceTree = "<group>";
		};
		8D709F462A02ED8F00085531 /* DomainLayer */ = {
			isa = PBXGroup;
			children = (
				8DBC7F552A314080005C4440 /* MainCoordinatorView.swift */,
				8DB1B40129FA7E82002CC2C5 /* MainCoordinator.swift */,
			);
			path = DomainLayer;
			sourceTree = "<group>";
		};
		8D709F472A02EDA200085531 /* DataLayer */ = {
			isa = PBXGroup;
			children = (
			);
			path = DataLayer;
			sourceTree = "<group>";
		};
		8D709F482A02F73E00085531 /* DomainLayer */ = {
			isa = PBXGroup;
			children = (
				8DBC7F572A3140A1005C4440 /* MapCoordinatorView.swift */,
				8DB1B40329FA7EA1002CC2C5 /* MapCoordinator.swift */,
			);
			path = DomainLayer;
			sourceTree = "<group>";
		};
		8D709F492A02F74C00085531 /* DataLayer */ = {
			isa = PBXGroup;
			children = (
			);
			path = DataLayer;
			sourceTree = "<group>";
		};
		8D709F4A2A02FC1600085531 /* DomainLayer */ = {
			isa = PBXGroup;
			children = (
				8DBC7F592A3140C2005C4440 /* ProfileCoordinatorView.swift */,
				8DB1B40529FA7EB4002CC2C5 /* ProfileCoordinator.swift */,
			);
			path = DomainLayer;
			sourceTree = "<group>";
		};
		8D709F4B2A02FC2700085531 /* DataLayer */ = {
			isa = PBXGroup;
			children = (
			);
			path = DataLayer;
			sourceTree = "<group>";
		};
		8D709F4F2A02FE8900085531 /* PresentationLayer */ = {
			isa = PBXGroup;
			children = (
				8DB1B3E629FA44CC002CC2C5 /* OnboardingView.swift */,
				8DB1B3F029FA4553002CC2C5 /* OnboardingViewModel.swift */,
			);
			path = PresentationLayer;
			sourceTree = "<group>";
		};
		8D709F502A02FEB500085531 /* DomainLayer */ = {
			isa = PBXGroup;
			children = (
				8DBC7F3D2A2AB5AD005C4440 /* OnboardinCoordinatorView.swift */,
				8DB1B3FD29FA7E45002CC2C5 /* OnboardingCoordinator.swift */,
			);
			path = DomainLayer;
			sourceTree = "<group>";
		};
		8D709F512A02FECA00085531 /* DataLayer */ = {
			isa = PBXGroup;
			children = (
				8DB1B3E229F9ED59002CC2C5 /* OnboardingManager.swift */,
			);
			path = DataLayer;
			sourceTree = "<group>";
		};
		8DB1B3D229F9BA3A002CC2C5 /* Common */ = {
			isa = PBXGroup;
			children = (
				8DB1B3E129F9ED22002CC2C5 /* Factories */,
				8DBC7F512A30CEA9005C4440 /* Coordinator.swift */,
			);
			path = Common;
			sourceTree = "<group>";
		};
		8DB1B3D829F9E373002CC2C5 /* Flows */ = {
			isa = PBXGroup;
			children = (
				8DB1B3DB29F9E407002CC2C5 /* Onboarding */,
				8DB1B3DC29F9E412002CC2C5 /* Auth */,
				8DB1B3FA29FA7D64002CC2C5 /* TabBar */,
				8DB1B3DD29F9E456002CC2C5 /* Main */,
				8DB1B3DE29F9E46C002CC2C5 /* Map */,
				8DB1B3DF29F9E47D002CC2C5 /* Profile */,
			);
			path = Flows;
			sourceTree = "<group>";
		};
		8DB1B3DB29F9E407002CC2C5 /* Onboarding */ = {
			isa = PBXGroup;
			children = (
				8D709F4F2A02FE8900085531 /* PresentationLayer */,
				8D709F502A02FEB500085531 /* DomainLayer */,
				8D709F512A02FECA00085531 /* DataLayer */,
			);
			path = Onboarding;
			sourceTree = "<group>";
		};
		8DB1B3DC29F9E412002CC2C5 /* Auth */ = {
			isa = PBXGroup;
			children = (
				8D709F3B2A02E9F300085531 /* PresentationLayer */,
				8D709F442A02EC1200085531 /* DomainLayer */,
				8D709F452A02ECC600085531 /* DataLayer */,
			);
			path = Auth;
			sourceTree = "<group>";
		};
		8DB1B3DD29F9E456002CC2C5 /* Main */ = {
			isa = PBXGroup;
			children = (
				8D709F3A2A02E88300085531 /* PresentationLayer */,
				8D709F462A02ED8F00085531 /* DomainLayer */,
				8D709F472A02EDA200085531 /* DataLayer */,
			);
			path = Main;
			sourceTree = "<group>";
		};
		8DB1B3DE29F9E46C002CC2C5 /* Map */ = {
			isa = PBXGroup;
			children = (
				8D709F3C2A02EA1000085531 /* PresentationLayer */,
				8D709F482A02F73E00085531 /* DomainLayer */,
				8D709F492A02F74C00085531 /* DataLayer */,
			);
			path = Map;
			sourceTree = "<group>";
		};
		8DB1B3DF29F9E47D002CC2C5 /* Profile */ = {
			isa = PBXGroup;
			children = (
				8D709F3D2A02EA2500085531 /* PresentationLayer */,
				8D709F4A2A02FC1600085531 /* DomainLayer */,
				8D709F4B2A02FC2700085531 /* DataLayer */,
			);
			path = Profile;
			sourceTree = "<group>";
		};
		8DB1B3E129F9ED22002CC2C5 /* Factories */ = {
			isa = PBXGroup;
			children = (
				8D709F522A037ACD00085531 /* ScreenFactory.swift */,
				8DBC7F492A2CA857005C4440 /* CoordinatorFactory.swift */,
				8DBC7F4D2A2CEA20005C4440 /* ManagerFactory.swift */,
			);
			path = Factories;
			sourceTree = "<group>";
		};
		8DB1B3FA29FA7D64002CC2C5 /* TabBar */ = {
			isa = PBXGroup;
			children = (
				8DBC7F412A2AB621005C4440 /* TabBarCoordinatorView.swift */,
				8DB1B40929FA8936002CC2C5 /* TabBarCoordinator.swift */,
				8DBC7F4F2A30A594005C4440 /* TabItem.swift */,
			);
			path = TabBar;
			sourceTree = "<group>";
		};
		8DBAEA7C29F85E780052442B = {
			isa = PBXGroup;
			children = (
				8DBAEA8729F85E780052442B /* MeetApp */,
				8DBAEA8629F85E780052442B /* Products */,
			);
			sourceTree = "<group>";
		};
		8DBAEA8629F85E780052442B /* Products */ = {
			isa = PBXGroup;
			children = (
				8DBAEA8529F85E780052442B /* MeetApp.app */,
			);
			name = Products;
			sourceTree = "<group>";
		};
		8DBAEA8729F85E780052442B /* MeetApp */ = {
			isa = PBXGroup;
			children = (
				8DBAEA8829F85E780052442B /* MeetAppApp.swift */,
				8D9A01192A15E6A400D229FF /* AppCoordinatorView.swift */,
				8D9A011B2A15E6C100D229FF /* AppCoordinatorObject.swift */,
				8DB1B3D229F9BA3A002CC2C5 /* Common */,
				8DB1B3D829F9E373002CC2C5 /* Flows */,
				8DBAEA8E29F85E7A0052442B /* Preview Content */,
				8DBAEA8C29F85E7A0052442B /* Assets.xcassets */,
			);
			path = MeetApp;
			sourceTree = "<group>";
		};
		8DBAEA8E29F85E7A0052442B /* Preview Content */ = {
			isa = PBXGroup;
			children = (
				8DBAEA8F29F85E7A0052442B /* Preview Assets.xcassets */,
			);
			path = "Preview Content";
			sourceTree = "<group>";
		};
		8DBC7F452A2AC972005C4440 /* Login */ = {
			isa = PBXGroup;
			children = (
				8DB1B3E829FA44EB002CC2C5 /* LoginView.swift */,
				8DB1B3F229FA456C002CC2C5 /* LoginViewModel.swift */,
			);
			path = Login;
			sourceTree = "<group>";
		};
		8DBC7F482A2ACA3F005C4440 /* Register */ = {
			isa = PBXGroup;
			children = (
				8DBC7F432A2AC542005C4440 /* RegisterView.swift */,
				8DBC7F462A2ACA36005C4440 /* RegisterViewModel.swift */,
			);
			path = Register;
			sourceTree = "<group>";
		};
/* End PBXGroup section */

/* Begin PBXNativeTarget section */
		8DBAEA8429F85E780052442B /* MeetApp */ = {
			isa = PBXNativeTarget;
			buildConfigurationList = 8DBAEA9329F85E7A0052442B /* Build configuration list for PBXNativeTarget "MeetApp" */;
			buildPhases = (
				8DBAEA8129F85E780052442B /* Sources */,
				8DBAEA8229F85E780052442B /* Frameworks */,
				8DBAEA8329F85E780052442B /* Resources */,
			);
			buildRules = (
			);
			dependencies = (
			);
			name = MeetApp;
			productName = MeetApp;
			productReference = 8DBAEA8529F85E780052442B /* MeetApp.app */;
			productType = "com.apple.product-type.application";
		};
/* End PBXNativeTarget section */

/* Begin PBXProject section */
		8DBAEA7D29F85E780052442B /* Project object */ = {
			isa = PBXProject;
			attributes = {
				BuildIndependentTargetsInParallel = 1;
				LastSwiftUpdateCheck = 1420;
				LastUpgradeCheck = 1420;
				TargetAttributes = {
					8DBAEA8429F85E780052442B = {
						CreatedOnToolsVersion = 14.2;
					};
				};
			};
			buildConfigurationList = 8DBAEA8029F85E780052442B /* Build configuration list for PBXProject "MeetApp" */;
			compatibilityVersion = "Xcode 14.0";
			developmentRegion = en;
			hasScannedForEncodings = 0;
			knownRegions = (
				en,
				Base,
			);
			mainGroup = 8DBAEA7C29F85E780052442B;
			productRefGroup = 8DBAEA8629F85E780052442B /* Products */;
			projectDirPath = "";
			projectRoot = "";
			targets = (
				8DBAEA8429F85E780052442B /* MeetApp */,
			);
		};
/* End PBXProject section */

/* Begin PBXResourcesBuildPhase section */
		8DBAEA8329F85E780052442B /* Resources */ = {
			isa = PBXResourcesBuildPhase;
			buildActionMask = 2147483647;
			files = (
				8DBAEA9029F85E7A0052442B /* Preview Assets.xcassets in Resources */,
				8DBAEA8D29F85E7A0052442B /* Assets.xcassets in Resources */,
			);
			runOnlyForDeploymentPostprocessing = 0;
		};
/* End PBXResourcesBuildPhase section */

/* Begin PBXSourcesBuildPhase section */
		8DBAEA8129F85E780052442B /* Sources */ = {
			isa = PBXSourcesBuildPhase;
			buildActionMask = 2147483647;
			files = (
				8DB1B3E929FA44EB002CC2C5 /* LoginView.swift in Sources */,
				8DBC7F472A2ACA36005C4440 /* RegisterViewModel.swift in Sources */,
				8DB1B40629FA7EB4002CC2C5 /* ProfileCoordinator.swift in Sources */,
				8D9A011A2A15E6A400D229FF /* AppCoordinatorView.swift in Sources */,
				8DBC7F582A3140A1005C4440 /* MapCoordinatorView.swift in Sources */,
				8DB1B3EB29FA4529002CC2C5 /* MainView.swift in Sources */,
				8DBC7F3E2A2AB5AD005C4440 /* OnboardinCoordinatorView.swift in Sources */,
				8DB1B40A29FA8936002CC2C5 /* TabBarCoordinator.swift in Sources */,
				8DB1B3EF29FA453E002CC2C5 /* ProfileView.swift in Sources */,
				8DBC7F442A2AC542005C4440 /* RegisterView.swift in Sources */,
				8DB1B3F529FA457B002CC2C5 /* MainViewModel.swift in Sources */,
				8DB1B3E329F9ED59002CC2C5 /* OnboardingManager.swift in Sources */,
				8DB1B3E729FA44CC002CC2C5 /* OnboardingView.swift in Sources */,
				8D709F592A05F80F00085531 /* AuthManager.swift in Sources */,
				8DBC7F502A30A594005C4440 /* TabItem.swift in Sources */,
				8DBAEA8929F85E780052442B /* MeetAppApp.swift in Sources */,
				8DB1B3F929FA459D002CC2C5 /* ProfileViewModel.swift in Sources */,
				8DBC7F522A30CEA9005C4440 /* Coordinator.swift in Sources */,
				8DB1B3F329FA456C002CC2C5 /* LoginViewModel.swift in Sources */,
				8D9A011C2A15E6C100D229FF /* AppCoordinatorObject.swift in Sources */,
				8DBC7F422A2AB621005C4440 /* TabBarCoordinatorView.swift in Sources */,
				8DB1B3F129FA4553002CC2C5 /* OnboardingViewModel.swift in Sources */,
				8DB1B40429FA7EA1002CC2C5 /* MapCoordinator.swift in Sources */,
				8DB1B3F729FA4585002CC2C5 /* MapViewModel.swift in Sources */,
				8DB1B40229FA7E82002CC2C5 /* MainCoordinator.swift in Sources */,
				8DB1B3ED29FA4533002CC2C5 /* MapView.swift in Sources */,
				8DBC7F562A314080005C4440 /* MainCoordinatorView.swift in Sources */,
				8DBC7F402A2AB5CE005C4440 /* AuthCoordinatorView .swift in Sources */,
				8DB1B40029FA7E5A002CC2C5 /* AuthCoordinator.swift in Sources */,
				8DBC7F5A2A3140C2005C4440 /* ProfileCoordinatorView.swift in Sources */,
				8DBC7F4E2A2CEA20005C4440 /* ManagerFactory.swift in Sources */,
				8D709F532A037ACD00085531 /* ScreenFactory.swift in Sources */,
				8DB1B3FE29FA7E45002CC2C5 /* OnboardingCoordinator.swift in Sources */,
				8DBC7F4A2A2CA857005C4440 /* CoordinatorFactory.swift in Sources */,
			);
			runOnlyForDeploymentPostprocessing = 0;
		};
/* End PBXSourcesBuildPhase section */

/* Begin XCBuildConfiguration section */
		8DBAEA9129F85E7A0052442B /* Debug */ = {
			isa = XCBuildConfiguration;
			buildSettings = {
				ALWAYS_SEARCH_USER_PATHS = NO;
				CLANG_ANALYZER_NONNULL = YES;
				CLANG_ANALYZER_NUMBER_OBJECT_CONVERSION = YES_AGGRESSIVE;
				CLANG_CXX_LANGUAGE_STANDARD = "gnu++20";
				CLANG_ENABLE_MODULES = YES;
				CLANG_ENABLE_OBJC_ARC = YES;
				CLANG_ENABLE_OBJC_WEAK = YES;
				CLANG_WARN_BLOCK_CAPTURE_AUTORELEASING = YES;
				CLANG_WARN_BOOL_CONVERSION = YES;
				CLANG_WARN_COMMA = YES;
				CLANG_WARN_CONSTANT_CONVERSION = YES;
				CLANG_WARN_DEPRECATED_OBJC_IMPLEMENTATIONS = YES;
				CLANG_WARN_DIRECT_OBJC_ISA_USAGE = YES_ERROR;
				CLANG_WARN_DOCUMENTATION_COMMENTS = YES;
				CLANG_WARN_EMPTY_BODY = YES;
				CLANG_WARN_ENUM_CONVERSION = YES;
				CLANG_WARN_INFINITE_RECURSION = YES;
				CLANG_WARN_INT_CONVERSION = YES;
				CLANG_WARN_NON_LITERAL_NULL_CONVERSION = YES;
				CLANG_WARN_OBJC_IMPLICIT_RETAIN_SELF = YES;
				CLANG_WARN_OBJC_LITERAL_CONVERSION = YES;
				CLANG_WARN_OBJC_ROOT_CLASS = YES_ERROR;
				CLANG_WARN_QUOTED_INCLUDE_IN_FRAMEWORK_HEADER = YES;
				CLANG_WARN_RANGE_LOOP_ANALYSIS = YES;
				CLANG_WARN_STRICT_PROTOTYPES = YES;
				CLANG_WARN_SUSPICIOUS_MOVE = YES;
				CLANG_WARN_UNGUARDED_AVAILABILITY = YES_AGGRESSIVE;
				CLANG_WARN_UNREACHABLE_CODE = YES;
				CLANG_WARN__DUPLICATE_METHOD_MATCH = YES;
				COPY_PHASE_STRIP = NO;
				DEBUG_INFORMATION_FORMAT = dwarf;
				ENABLE_STRICT_OBJC_MSGSEND = YES;
				ENABLE_TESTABILITY = YES;
				GCC_C_LANGUAGE_STANDARD = gnu11;
				GCC_DYNAMIC_NO_PIC = NO;
				GCC_NO_COMMON_BLOCKS = YES;
				GCC_OPTIMIZATION_LEVEL = 0;
				GCC_PREPROCESSOR_DEFINITIONS = (
					"DEBUG=1",
					"$(inherited)",
				);
				GCC_WARN_64_TO_32_BIT_CONVERSION = YES;
				GCC_WARN_ABOUT_RETURN_TYPE = YES_ERROR;
				GCC_WARN_UNDECLARED_SELECTOR = YES;
				GCC_WARN_UNINITIALIZED_AUTOS = YES_AGGRESSIVE;
				GCC_WARN_UNUSED_FUNCTION = YES;
				GCC_WARN_UNUSED_VARIABLE = YES;
				IPHONEOS_DEPLOYMENT_TARGET = 16.2;
				MTL_ENABLE_DEBUG_INFO = INCLUDE_SOURCE;
				MTL_FAST_MATH = YES;
				ONLY_ACTIVE_ARCH = YES;
				SDKROOT = iphoneos;
				SWIFT_ACTIVE_COMPILATION_CONDITIONS = DEBUG;
				SWIFT_OPTIMIZATION_LEVEL = "-Onone";
			};
			name = Debug;
		};
		8DBAEA9229F85E7A0052442B /* Release */ = {
			isa = XCBuildConfiguration;
			buildSettings = {
				ALWAYS_SEARCH_USER_PATHS = NO;
				CLANG_ANALYZER_NONNULL = YES;
				CLANG_ANALYZER_NUMBER_OBJECT_CONVERSION = YES_AGGRESSIVE;
				CLANG_CXX_LANGUAGE_STANDARD = "gnu++20";
				CLANG_ENABLE_MODULES = YES;
				CLANG_ENABLE_OBJC_ARC = YES;
				CLANG_ENABLE_OBJC_WEAK = YES;
				CLANG_WARN_BLOCK_CAPTURE_AUTORELEASING = YES;
				CLANG_WARN_BOOL_CONVERSION = YES;
				CLANG_WARN_COMMA = YES;
				CLANG_WARN_CONSTANT_CONVERSION = YES;
				CLANG_WARN_DEPRECATED_OBJC_IMPLEMENTATIONS = YES;
				CLANG_WARN_DIRECT_OBJC_ISA_USAGE = YES_ERROR;
				CLANG_WARN_DOCUMENTATION_COMMENTS = YES;
				CLANG_WARN_EMPTY_BODY = YES;
				CLANG_WARN_ENUM_CONVERSION = YES;
				CLANG_WARN_INFINITE_RECURSION = YES;
				CLANG_WARN_INT_CONVERSION = YES;
				CLANG_WARN_NON_LITERAL_NULL_CONVERSION = YES;
				CLANG_WARN_OBJC_IMPLICIT_RETAIN_SELF = YES;
				CLANG_WARN_OBJC_LITERAL_CONVERSION = YES;
				CLANG_WARN_OBJC_ROOT_CLASS = YES_ERROR;
				CLANG_WARN_QUOTED_INCLUDE_IN_FRAMEWORK_HEADER = YES;
				CLANG_WARN_RANGE_LOOP_ANALYSIS = YES;
				CLANG_WARN_STRICT_PROTOTYPES = YES;
				CLANG_WARN_SUSPICIOUS_MOVE = YES;
				CLANG_WARN_UNGUARDED_AVAILABILITY = YES_AGGRESSIVE;
				CLANG_WARN_UNREACHABLE_CODE = YES;
				CLANG_WARN__DUPLICATE_METHOD_MATCH = YES;
				COPY_PHASE_STRIP = NO;
				DEBUG_INFORMATION_FORMAT = "dwarf-with-dsym";
				ENABLE_NS_ASSERTIONS = NO;
				ENABLE_STRICT_OBJC_MSGSEND = YES;
				GCC_C_LANGUAGE_STANDARD = gnu11;
				GCC_NO_COMMON_BLOCKS = YES;
				GCC_WARN_64_TO_32_BIT_CONVERSION = YES;
				GCC_WARN_ABOUT_RETURN_TYPE = YES_ERROR;
				GCC_WARN_UNDECLARED_SELECTOR = YES;
				GCC_WARN_UNINITIALIZED_AUTOS = YES_AGGRESSIVE;
				GCC_WARN_UNUSED_FUNCTION = YES;
				GCC_WARN_UNUSED_VARIABLE = YES;
				IPHONEOS_DEPLOYMENT_TARGET = 16.2;
				MTL_ENABLE_DEBUG_INFO = NO;
				MTL_FAST_MATH = YES;
				SDKROOT = iphoneos;
				SWIFT_COMPILATION_MODE = wholemodule;
				SWIFT_OPTIMIZATION_LEVEL = "-O";
				VALIDATE_PRODUCT = YES;
			};
			name = Release;
		};
		8DBAEA9429F85E7A0052442B /* Debug */ = {
			isa = XCBuildConfiguration;
			buildSettings = {
				ASSETCATALOG_COMPILER_APPICON_NAME = AppIcon;
				ASSETCATALOG_COMPILER_GLOBAL_ACCENT_COLOR_NAME = AccentColor;
				CODE_SIGN_STYLE = Automatic;
				CURRENT_PROJECT_VERSION = 1;
				DEVELOPMENT_ASSET_PATHS = "\"MeetApp/Preview Content\"";
				DEVELOPMENT_TEAM = 8DUG4W2SVG;
				ENABLE_PREVIEWS = YES;
				GENERATE_INFOPLIST_FILE = YES;
				INFOPLIST_KEY_UIApplicationSceneManifest_Generation = YES;
				INFOPLIST_KEY_UIApplicationSupportsIndirectInputEvents = YES;
				INFOPLIST_KEY_UILaunchScreen_Generation = YES;
				INFOPLIST_KEY_UISupportedInterfaceOrientations_iPad = "UIInterfaceOrientationPortrait UIInterfaceOrientationPortraitUpsideDown UIInterfaceOrientationLandscapeLeft UIInterfaceOrientationLandscapeRight";
				INFOPLIST_KEY_UISupportedInterfaceOrientations_iPhone = "UIInterfaceOrientationPortrait UIInterfaceOrientationLandscapeLeft UIInterfaceOrientationLandscapeRight";
				LD_RUNPATH_SEARCH_PATHS = (
					"$(inherited)",
					"@executable_path/Frameworks",
				);
				MARKETING_VERSION = 1.0;
				PRODUCT_BUNDLE_IDENTIFIER = com.oneinch.MeetApp;
				PRODUCT_NAME = "$(TARGET_NAME)";
				SWIFT_EMIT_LOC_STRINGS = YES;
				SWIFT_VERSION = 5.0;
				TARGETED_DEVICE_FAMILY = "1,2";
			};
			name = Debug;
		};
		8DBAEA9529F85E7A0052442B /* Release */ = {
			isa = XCBuildConfiguration;
			buildSettings = {
				ASSETCATALOG_COMPILER_APPICON_NAME = AppIcon;
				ASSETCATALOG_COMPILER_GLOBAL_ACCENT_COLOR_NAME = AccentColor;
				CODE_SIGN_STYLE = Automatic;
				CURRENT_PROJECT_VERSION = 1;
				DEVELOPMENT_ASSET_PATHS = "\"MeetApp/Preview Content\"";
				DEVELOPMENT_TEAM = 8DUG4W2SVG;
				ENABLE_PREVIEWS = YES;
				GENERATE_INFOPLIST_FILE = YES;
				INFOPLIST_KEY_UIApplicationSceneManifest_Generation = YES;
				INFOPLIST_KEY_UIApplicationSupportsIndirectInputEvents = YES;
				INFOPLIST_KEY_UILaunchScreen_Generation = YES;
				INFOPLIST_KEY_UISupportedInterfaceOrientations_iPad = "UIInterfaceOrientationPortrait UIInterfaceOrientationPortraitUpsideDown UIInterfaceOrientationLandscapeLeft UIInterfaceOrientationLandscapeRight";
				INFOPLIST_KEY_UISupportedInterfaceOrientations_iPhone = "UIInterfaceOrientationPortrait UIInterfaceOrientationLandscapeLeft UIInterfaceOrientationLandscapeRight";
				LD_RUNPATH_SEARCH_PATHS = (
					"$(inherited)",
					"@executable_path/Frameworks",
				);
				MARKETING_VERSION = 1.0;
				PRODUCT_BUNDLE_IDENTIFIER = com.oneinch.MeetApp;
				PRODUCT_NAME = "$(TARGET_NAME)";
				SWIFT_EMIT_LOC_STRINGS = YES;
				SWIFT_VERSION = 5.0;
				TARGETED_DEVICE_FAMILY = "1,2";
			};
			name = Release;
		};
/* End XCBuildConfiguration section */

/* Begin XCConfigurationList section */
		8DBAEA8029F85E780052442B /* Build configuration list for PBXProject "MeetApp" */ = {
			isa = XCConfigurationList;
			buildConfigurations = (
				8DBAEA9129F85E7A0052442B /* Debug */,
				8DBAEA9229F85E7A0052442B /* Release */,
			);
			defaultConfigurationIsVisible = 0;
			defaultConfigurationName = Release;
		};
		8DBAEA9329F85E7A0052442B /* Build configuration list for PBXNativeTarget "MeetApp" */ = {
			isa = XCConfigurationList;
			buildConfigurations = (
				8DBAEA9429F85E7A0052442B /* Debug */,
				8DBAEA9529F85E7A0052442B /* Release */,
			);
			defaultConfigurationIsVisible = 0;
			defaultConfigurationName = Release;
		};
/* End XCConfigurationList section */
	};
	rootObject = 8DBAEA7D29F85E780052442B /* Project object */;
}
